PODS:
  - WannaDebug (7.1.0):
    - WannaSDK
  - WannaSDK (7.4.1)
  - WannaTryOn (7.4.0):
    - WannaTryOn/Toolkit (= 7.4.0)
    - WannaTryOn/TryOn (= 7.4.0)
  - WannaTryOn/Toolkit (7.4.0)
  - WannaTryOn/TryOn (7.4.0):
    - WannaSDK
    - WannaTryOn/Toolkit

DEPENDENCIES:
  - WannaDebug (from `../WannaDebug.podspec`)
  - WannaSDK (= 7.4.1)
  - WannaTryOn (from `../WannaTryOn.podspec`)

SPEC REPOS:
  https://github.com/CocoaPods/Specs.git:
    - WannaSDK

EXTERNAL SOURCES:
  WannaDebug:
    :path: "../WannaDebug.podspec"
  WannaTryOn:
    :path: "../WannaTryOn.podspec"

SPEC CHECKSUMS:
  WannaDebug: 052e46701586b4870cafaf7b3d8cc9e1c78365ec
  WannaSDK: f9b0053ab05da1a76d56b811c0a4b74aa70cc850
  WannaTryOn: 750ac4aee16c9bbeafa9903bcaf0382b32a86954

PODFILE CHECKSUM: a8a2d6f24eb9266e35347336692b61a7c6ff0f73

COCOAPODS: 1.15.2
