PODS:
  - WannaDebug (7.1.0):
    - WannaSDK
  - WannaSDK (7.4.0)
  - WannaTryOn (7.4.0):
    - WannaTryOn/Toolkit (= 7.4.0)
    - WannaTryOn/TryOn (= 7.4.0)
  - WannaTryOn/Toolkit (7.4.0)
  - WannaTryOn/TryOn (7.4.0):
    - WannaSDK
    - WannaTryOn/Toolkit

DEPENDENCIES:
  - WannaDebug (from `../WannaDebug.podspec`)
  - WannaSDK (= 7.4.0)
  - WannaTryOn (from `../WannaTryOn.podspec`)

SPEC REPOS:
  https://github.com/CocoaPods/Specs.git:
    - WannaSDK

EXTERNAL SOURCES:
  WannaDebug:
    :path: "../WannaDebug.podspec"
  WannaTryOn:
    :path: "../WannaTryOn.podspec"

SPEC CHECKSUMS:
  WannaDebug: 052e46701586b4870cafaf7b3d8cc9e1c78365ec
  WannaSDK: 689d1ba1f4e8d2435db08c6d3e254abc18834154
  WannaTryOn: 750ac4aee16c9bbeafa9903bcaf0382b32a86954

PODFILE CHECKSUM: fd0e2261ee19d30eb001d43170aadeed2cd5db46

COCOAPODS: 1.15.2
