// !$*UTF8*$!
{
	archiveVersion = 1;
	classes = {
	};
	objectVersion = 46;
	objects = {

/* Begin PBXBuildFile section */
		12E091A7A046D91636513361 /* Pods_WannaSDK_Example.framework in Frameworks */ = {isa = PBXBuildFile; fileRef = B55A95453636F6A00788CA83 /* Pods_WannaSDK_Example.framework */; };
		920FDFEC2BEE12F800B5916C /* UIAlertAction+Helper.swift in Sources */ = {isa = PBXBuildFile; fileRef = 920FDFE62BEE12F800B5916C /* UIAlertAction+Helper.swift */; };
		920FDFED2BEE12F800B5916C /* UIAlertController+Helper.swift in Sources */ = {isa = PBXBuildFile; fileRef = 920FDFE72BEE12F800B5916C /* UIAlertController+Helper.swift */; };
		920FDFEE2BEE12F800B5916C /* UIApplication+Helper.swift in Sources */ = {isa = PBXBuildFile; fileRef = 920FDFE82BEE12F800B5916C /* UIApplication+Helper.swift */; };
		920FDFEF2BEE12F800B5916C /* UIView+Helper.swift in Sources */ = {isa = PBXBuildFile; fileRef = 920FDFE92BEE12F800B5916C /* UIView+Helper.swift */; };
		920FDFF02BEE12F800B5916C /* UIViewController+Helper.swift in Sources */ = {isa = PBXBuildFile; fileRef = 920FDFEA2BEE12F800B5916C /* UIViewController+Helper.swift */; };
		948848662743ADF600D8B40C /* RenderModelSelectionViewController.swift in Sources */ = {isa = PBXBuildFile; fileRef = 948848542743ADF600D8B40C /* RenderModelSelectionViewController.swift */; };
		9488486B2743ADF600D8B40C /* WsneakersSDKViewController.swift in Sources */ = {isa = PBXBuildFile; fileRef = 9488485A2743ADF600D8B40C /* WsneakersSDKViewController.swift */; };
		9488486C2743ADF600D8B40C /* Assets.xcassets in Resources */ = {isa = PBXBuildFile; fileRef = 9488485B2743ADF600D8B40C /* Assets.xcassets */; };
		9488486D2743ADF600D8B40C /* LaunchScreen.storyboard in Resources */ = {isa = PBXBuildFile; fileRef = 9488485C2743ADF600D8B40C /* LaunchScreen.storyboard */; };
		9488486E2743ADF600D8B40C /* Main.storyboard in Resources */ = {isa = PBXBuildFile; fileRef = 9488485E2743ADF600D8B40C /* Main.storyboard */; };
		9488486F2743ADF600D8B40C /* WannaSDKDefaults.swift in Sources */ = {isa = PBXBuildFile; fileRef = 948848602743ADF600D8B40C /* WannaSDKDefaults.swift */; };
		948848702743ADF600D8B40C /* NavigationViewController.swift in Sources */ = {isa = PBXBuildFile; fileRef = 948848612743ADF600D8B40C /* NavigationViewController.swift */; };
		948848712743ADF600D8B40C /* AppDelegate.swift in Sources */ = {isa = PBXBuildFile; fileRef = 948848622743ADF600D8B40C /* AppDelegate.swift */; };
		948848722743ADF600D8B40C /* DeviceCheckingViewController.swift in Sources */ = {isa = PBXBuildFile; fileRef = 948848632743ADF600D8B40C /* DeviceCheckingViewController.swift */; };
		948848742743ADF600D8B40C /* TryOnViewController.swift in Sources */ = {isa = PBXBuildFile; fileRef = 948848652743ADF600D8B40C /* TryOnViewController.swift */; };
		B065FFCC28C103F0006FC87E /* Constants.swift in Sources */ = {isa = PBXBuildFile; fileRef = B065FFCB28C103F0006FC87E /* Constants.swift */; };
		B0B14CF028801C66003C4842 /* WannaSDK_ExampleUITests.swift in Sources */ = {isa = PBXBuildFile; fileRef = B0B14CEF28801C66003C4842 /* WannaSDK_ExampleUITests.swift */; };
		B0B14CFB28801CDC003C4842 /* Logger.swift in Sources */ = {isa = PBXBuildFile; fileRef = B0B14CFA28801CDC003C4842 /* Logger.swift */; };
		B0B14CFD28801CFA003C4842 /* Safari.swift in Sources */ = {isa = PBXBuildFile; fileRef = B0B14CFC28801CFA003C4842 /* Safari.swift */; };
		B0B14D0028801D51003C4842 /* XCUIElement+wait.swift in Sources */ = {isa = PBXBuildFile; fileRef = B0B14CFF28801D51003C4842 /* XCUIElement+wait.swift */; };
		B0B14D0328801D73003C4842 /* BaseScreen.swift in Sources */ = {isa = PBXBuildFile; fileRef = B0B14D0228801D73003C4842 /* BaseScreen.swift */; };
		B0B14D0528801D8E003C4842 /* MainScreen.swift in Sources */ = {isa = PBXBuildFile; fileRef = B0B14D0428801D8E003C4842 /* MainScreen.swift */; };
		B0B14D0728801DA7003C4842 /* ModelsListScreen.swift in Sources */ = {isa = PBXBuildFile; fileRef = B0B14D0628801DA7003C4842 /* ModelsListScreen.swift */; };
		B0B14D0928801DBC003C4842 /* RenderScreen.swift in Sources */ = {isa = PBXBuildFile; fileRef = B0B14D0828801DBC003C4842 /* RenderScreen.swift */; };
		B0B14D1228815A4C003C4842 /* Applyable.swift in Sources */ = {isa = PBXBuildFile; fileRef = B0B14D1128815A4C003C4842 /* Applyable.swift */; };
/* End PBXBuildFile section */

/* Begin PBXContainerItemProxy section */
		B0B14CF328801C66003C4842 /* PBXContainerItemProxy */ = {
			isa = PBXContainerItemProxy;
			containerPortal = 607FACC81AFB9204008FA782 /* Project object */;
			proxyType = 1;
			remoteGlobalIDString = 607FACCF1AFB9204008FA782;
			remoteInfo = WannaSDK_Example;
		};
/* End PBXContainerItemProxy section */

/* Begin PBXCopyFilesBuildPhase section */
		E4B17F0827B3C90F00EFE5EE /* Copy WannaSDK dSYM */ = {
			isa = PBXCopyFilesBuildPhase;
			buildActionMask = 2147483647;
			dstPath = "";
			dstSubfolderSpec = 16;
			files = (
			);
			name = "Copy WannaSDK dSYM";
			runOnlyForDeploymentPostprocessing = 0;
		};
		E881000A277C6A05008B3189 /* Embed Frameworks */ = {
			isa = PBXCopyFilesBuildPhase;
			buildActionMask = 2147483647;
			dstPath = "";
			dstSubfolderSpec = 10;
			files = (
			);
			name = "Embed Frameworks";
			runOnlyForDeploymentPostprocessing = 0;
		};
/* End PBXCopyFilesBuildPhase section */

/* Begin PBXFileReference section */
		607FACD01AFB9204008FA782 /* WannaSDK_Example.app */ = {isa = PBXFileReference; explicitFileType = wrapper.application; includeInIndex = 0; path = WannaSDK_Example.app; sourceTree = BUILT_PRODUCTS_DIR; };
		920FDFE62BEE12F800B5916C /* UIAlertAction+Helper.swift */ = {isa = PBXFileReference; fileEncoding = 4; lastKnownFileType = sourcecode.swift; path = "UIAlertAction+Helper.swift"; sourceTree = "<group>"; };
		920FDFE72BEE12F800B5916C /* UIAlertController+Helper.swift */ = {isa = PBXFileReference; fileEncoding = 4; lastKnownFileType = sourcecode.swift; path = "UIAlertController+Helper.swift"; sourceTree = "<group>"; };
		920FDFE82BEE12F800B5916C /* UIApplication+Helper.swift */ = {isa = PBXFileReference; fileEncoding = 4; lastKnownFileType = sourcecode.swift; path = "UIApplication+Helper.swift"; sourceTree = "<group>"; };
		920FDFE92BEE12F800B5916C /* UIView+Helper.swift */ = {isa = PBXFileReference; fileEncoding = 4; lastKnownFileType = sourcecode.swift; path = "UIView+Helper.swift"; sourceTree = "<group>"; };
		920FDFEA2BEE12F800B5916C /* UIViewController+Helper.swift */ = {isa = PBXFileReference; fileEncoding = 4; lastKnownFileType = sourcecode.swift; path = "UIViewController+Helper.swift"; sourceTree = "<group>"; };
		948848542743ADF600D8B40C /* RenderModelSelectionViewController.swift */ = {isa = PBXFileReference; fileEncoding = 4; lastKnownFileType = sourcecode.swift; path = RenderModelSelectionViewController.swift; sourceTree = "<group>"; };
		9488485A2743ADF600D8B40C /* WsneakersSDKViewController.swift */ = {isa = PBXFileReference; fileEncoding = 4; lastKnownFileType = sourcecode.swift; path = WsneakersSDKViewController.swift; sourceTree = "<group>"; };
		9488485B2743ADF600D8B40C /* Assets.xcassets */ = {isa = PBXFileReference; lastKnownFileType = folder.assetcatalog; path = Assets.xcassets; sourceTree = "<group>"; };
		9488485D2743ADF600D8B40C /* Base */ = {isa = PBXFileReference; lastKnownFileType = file.storyboard; name = Base; path = Base.lproj/LaunchScreen.storyboard; sourceTree = "<group>"; };
		9488485F2743ADF600D8B40C /* Base */ = {isa = PBXFileReference; lastKnownFileType = file.storyboard; name = Base; path = Base.lproj/Main.storyboard; sourceTree = "<group>"; };
		948848602743ADF600D8B40C /* WannaSDKDefaults.swift */ = {isa = PBXFileReference; fileEncoding = 4; lastKnownFileType = sourcecode.swift; path = WannaSDKDefaults.swift; sourceTree = "<group>"; };
		948848612743ADF600D8B40C /* NavigationViewController.swift */ = {isa = PBXFileReference; fileEncoding = 4; lastKnownFileType = sourcecode.swift; path = NavigationViewController.swift; sourceTree = "<group>"; };
		948848622743ADF600D8B40C /* AppDelegate.swift */ = {isa = PBXFileReference; fileEncoding = 4; lastKnownFileType = sourcecode.swift; path = AppDelegate.swift; sourceTree = "<group>"; };
		948848632743ADF600D8B40C /* DeviceCheckingViewController.swift */ = {isa = PBXFileReference; fileEncoding = 4; lastKnownFileType = sourcecode.swift; path = DeviceCheckingViewController.swift; sourceTree = "<group>"; };
		948848642743ADF600D8B40C /* Info.plist */ = {isa = PBXFileReference; fileEncoding = 4; lastKnownFileType = text.plist.xml; path = Info.plist; sourceTree = "<group>"; };
		948848652743ADF600D8B40C /* TryOnViewController.swift */ = {isa = PBXFileReference; fileEncoding = 4; lastKnownFileType = sourcecode.swift; path = TryOnViewController.swift; sourceTree = "<group>"; };
		B065FFCB28C103F0006FC87E /* Constants.swift */ = {isa = PBXFileReference; lastKnownFileType = sourcecode.swift; path = Constants.swift; sourceTree = "<group>"; };
		B0B14CED28801C66003C4842 /* WannaSDK_ExampleUITests.xctest */ = {isa = PBXFileReference; explicitFileType = wrapper.cfbundle; includeInIndex = 0; path = WannaSDK_ExampleUITests.xctest; sourceTree = BUILT_PRODUCTS_DIR; };
		B0B14CEF28801C66003C4842 /* WannaSDK_ExampleUITests.swift */ = {isa = PBXFileReference; lastKnownFileType = sourcecode.swift; path = WannaSDK_ExampleUITests.swift; sourceTree = "<group>"; };
		B0B14CFA28801CDC003C4842 /* Logger.swift */ = {isa = PBXFileReference; lastKnownFileType = sourcecode.swift; path = Logger.swift; sourceTree = "<group>"; };
		B0B14CFC28801CFA003C4842 /* Safari.swift */ = {isa = PBXFileReference; lastKnownFileType = sourcecode.swift; path = Safari.swift; sourceTree = "<group>"; };
		B0B14CFF28801D51003C4842 /* XCUIElement+wait.swift */ = {isa = PBXFileReference; lastKnownFileType = sourcecode.swift; path = "XCUIElement+wait.swift"; sourceTree = "<group>"; };
		B0B14D0228801D73003C4842 /* BaseScreen.swift */ = {isa = PBXFileReference; lastKnownFileType = sourcecode.swift; path = BaseScreen.swift; sourceTree = "<group>"; };
		B0B14D0428801D8E003C4842 /* MainScreen.swift */ = {isa = PBXFileReference; lastKnownFileType = sourcecode.swift; path = MainScreen.swift; sourceTree = "<group>"; };
		B0B14D0628801DA7003C4842 /* ModelsListScreen.swift */ = {isa = PBXFileReference; lastKnownFileType = sourcecode.swift; path = ModelsListScreen.swift; sourceTree = "<group>"; };
		B0B14D0828801DBC003C4842 /* RenderScreen.swift */ = {isa = PBXFileReference; lastKnownFileType = sourcecode.swift; path = RenderScreen.swift; sourceTree = "<group>"; };
		B0B14D1128815A4C003C4842 /* Applyable.swift */ = {isa = PBXFileReference; lastKnownFileType = sourcecode.swift; path = Applyable.swift; sourceTree = "<group>"; };
		B55A95453636F6A00788CA83 /* Pods_WannaSDK_Example.framework */ = {isa = PBXFileReference; explicitFileType = wrapper.framework; includeInIndex = 0; path = Pods_WannaSDK_Example.framework; sourceTree = BUILT_PRODUCTS_DIR; };
		B72CCDD56AEBB8F61EAB3AFE /* Pods-WannaSDK_Example.release.xcconfig */ = {isa = PBXFileReference; includeInIndex = 1; lastKnownFileType = text.xcconfig; name = "Pods-WannaSDK_Example.release.xcconfig"; path = "Target Support Files/Pods-WannaSDK_Example/Pods-WannaSDK_Example.release.xcconfig"; sourceTree = "<group>"; };
		CFDD3BD3066319DEE3BE3257 /* Pods-WannaSDK_Example.debug.xcconfig */ = {isa = PBXFileReference; includeInIndex = 1; lastKnownFileType = text.xcconfig; name = "Pods-WannaSDK_Example.debug.xcconfig"; path = "Target Support Files/Pods-WannaSDK_Example/Pods-WannaSDK_Example.debug.xcconfig"; sourceTree = "<group>"; };
/* End PBXFileReference section */

/* Begin PBXFrameworksBuildPhase section */
		607FACCD1AFB9204008FA782 /* Frameworks */ = {
			isa = PBXFrameworksBuildPhase;
			buildActionMask = 2147483647;
			files = (
				12E091A7A046D91636513361 /* Pods_WannaSDK_Example.framework in Frameworks */,
			);
			runOnlyForDeploymentPostprocessing = 0;
		};
		B0B14CEA28801C66003C4842 /* Frameworks */ = {
			isa = PBXFrameworksBuildPhase;
			buildActionMask = 2147483647;
			files = (
			);
			runOnlyForDeploymentPostprocessing = 0;
		};
/* End PBXFrameworksBuildPhase section */

/* Begin PBXGroup section */
		2DEECF9FC3D5CDD0803EDB17 /* Frameworks */ = {
			isa = PBXGroup;
			children = (
				B55A95453636F6A00788CA83 /* Pods_WannaSDK_Example.framework */,
			);
			name = Frameworks;
			sourceTree = "<group>";
		};
		607FACC71AFB9204008FA782 = {
			isa = PBXGroup;
			children = (
				948848532743ADF600D8B40C /* Example */,
				B0B14CEE28801C66003C4842 /* WannaSDK_ExampleUITests */,
				607FACD11AFB9204008FA782 /* Products */,
				90374BBB0CD3835287E79D6A /* Pods */,
				2DEECF9FC3D5CDD0803EDB17 /* Frameworks */,
			);
			sourceTree = "<group>";
		};
		607FACD11AFB9204008FA782 /* Products */ = {
			isa = PBXGroup;
			children = (
				607FACD01AFB9204008FA782 /* WannaSDK_Example.app */,
				B0B14CED28801C66003C4842 /* WannaSDK_ExampleUITests.xctest */,
			);
			name = Products;
			sourceTree = "<group>";
		};
		90374BBB0CD3835287E79D6A /* Pods */ = {
			isa = PBXGroup;
			children = (
				CFDD3BD3066319DEE3BE3257 /* Pods-WannaSDK_Example.debug.xcconfig */,
				B72CCDD56AEBB8F61EAB3AFE /* Pods-WannaSDK_Example.release.xcconfig */,
			);
			path = Pods;
			sourceTree = "<group>";
		};
		920FDFEB2BEE12F800B5916C /* library */ = {
			isa = PBXGroup;
			children = (
				920FDFE62BEE12F800B5916C /* UIAlertAction+Helper.swift */,
				920FDFE72BEE12F800B5916C /* UIAlertController+Helper.swift */,
				920FDFE82BEE12F800B5916C /* UIApplication+Helper.swift */,
				920FDFE92BEE12F800B5916C /* UIView+Helper.swift */,
				920FDFEA2BEE12F800B5916C /* UIViewController+Helper.swift */,
			);
			path = library;
			sourceTree = "<group>";
		};
		948848532743ADF600D8B40C /* Example */ = {
			isa = PBXGroup;
			children = (
				920FDFEB2BEE12F800B5916C /* library */,
				948848542743ADF600D8B40C /* RenderModelSelectionViewController.swift */,
				9488485A2743ADF600D8B40C /* WsneakersSDKViewController.swift */,
				9488485B2743ADF600D8B40C /* Assets.xcassets */,
				9488485C2743ADF600D8B40C /* LaunchScreen.storyboard */,
				9488485E2743ADF600D8B40C /* Main.storyboard */,
				948848602743ADF600D8B40C /* WannaSDKDefaults.swift */,
				948848612743ADF600D8B40C /* NavigationViewController.swift */,
				948848622743ADF600D8B40C /* AppDelegate.swift */,
				948848632743ADF600D8B40C /* DeviceCheckingViewController.swift */,
				948848642743ADF600D8B40C /* Info.plist */,
				948848652743ADF600D8B40C /* TryOnViewController.swift */,
			);
			path = Example;
			sourceTree = "<group>";
		};
		B0B14CEE28801C66003C4842 /* WannaSDK_ExampleUITests */ = {
			isa = PBXGroup;
			children = (
				B0B14D1028815A3E003C4842 /* Protocols */,
				B0B14D0128801D68003C4842 /* Screens */,
				B0B14CFE28801D3B003C4842 /* Extensions */,
				B0B14CF928801CCF003C4842 /* Utils */,
				B0B14CF828801CBE003C4842 /* Tests */,
			);
			path = WannaSDK_ExampleUITests;
			sourceTree = "<group>";
		};
		B0B14CF828801CBE003C4842 /* Tests */ = {
			isa = PBXGroup;
			children = (
				B0B14CEF28801C66003C4842 /* WannaSDK_ExampleUITests.swift */,
			);
			path = Tests;
			sourceTree = "<group>";
		};
		B0B14CF928801CCF003C4842 /* Utils */ = {
			isa = PBXGroup;
			children = (
				B0B14CFA28801CDC003C4842 /* Logger.swift */,
				B0B14CFC28801CFA003C4842 /* Safari.swift */,
				B065FFCB28C103F0006FC87E /* Constants.swift */,
			);
			path = Utils;
			sourceTree = "<group>";
		};
		B0B14CFE28801D3B003C4842 /* Extensions */ = {
			isa = PBXGroup;
			children = (
				B0B14CFF28801D51003C4842 /* XCUIElement+wait.swift */,
			);
			path = Extensions;
			sourceTree = "<group>";
		};
		B0B14D0128801D68003C4842 /* Screens */ = {
			isa = PBXGroup;
			children = (
				B0B14D0228801D73003C4842 /* BaseScreen.swift */,
				B0B14D0428801D8E003C4842 /* MainScreen.swift */,
				B0B14D0628801DA7003C4842 /* ModelsListScreen.swift */,
				B0B14D0828801DBC003C4842 /* RenderScreen.swift */,
			);
			path = Screens;
			sourceTree = "<group>";
		};
		B0B14D1028815A3E003C4842 /* Protocols */ = {
			isa = PBXGroup;
			children = (
				B0B14D1128815A4C003C4842 /* Applyable.swift */,
			);
			path = Protocols;
			sourceTree = "<group>";
		};
/* End PBXGroup section */

/* Begin PBXNativeTarget section */
		607FACCF1AFB9204008FA782 /* WannaSDK_Example */ = {
			isa = PBXNativeTarget;
			buildConfigurationList = 607FACEF1AFB9204008FA782 /* Build configuration list for PBXNativeTarget "WannaSDK_Example" */;
			buildPhases = (
				619D334539CAC283BF8E600D /* [CP] Check Pods Manifest.lock */,
				607FACCC1AFB9204008FA782 /* Sources */,
				607FACCD1AFB9204008FA782 /* Frameworks */,
				607FACCE1AFB9204008FA782 /* Resources */,
				E881000A277C6A05008B3189 /* Embed Frameworks */,
				E4B17F0827B3C90F00EFE5EE /* Copy WannaSDK dSYM */,
				8488F94AE0C88A8BC673203C /* [CP] Embed Pods Frameworks */,
				02EAB76C3756808E60FCA02A /* [CP] Copy Pods Resources */,
			);
			buildRules = (
			);
			dependencies = (
			);
			name = WannaSDK_Example;
			productName = WannaSDK;
			productReference = 607FACD01AFB9204008FA782 /* WannaSDK_Example.app */;
			productType = "com.apple.product-type.application";
		};
		B0B14CEC28801C66003C4842 /* WannaSDK_ExampleUITests */ = {
			isa = PBXNativeTarget;
			buildConfigurationList = B0B14CF728801C66003C4842 /* Build configuration list for PBXNativeTarget "WannaSDK_ExampleUITests" */;
			buildPhases = (
				B0B14CE928801C66003C4842 /* Sources */,
				B0B14CEA28801C66003C4842 /* Frameworks */,
				B0B14CEB28801C66003C4842 /* Resources */,
			);
			buildRules = (
			);
			dependencies = (
				B0B14CF428801C66003C4842 /* PBXTargetDependency */,
			);
			name = WannaSDK_ExampleUITests;
			productName = WannaSDK_ExampleUITests;
			productReference = B0B14CED28801C66003C4842 /* WannaSDK_ExampleUITests.xctest */;
			productType = "com.apple.product-type.bundle.ui-testing";
		};
/* End PBXNativeTarget section */

/* Begin PBXProject section */
		607FACC81AFB9204008FA782 /* Project object */ = {
			isa = PBXProject;
			attributes = {
				LastSwiftUpdateCheck = 1340;
				LastUpgradeCheck = 0830;
				ORGANIZATIONNAME = CocoaPods;
				TargetAttributes = {
					607FACCF1AFB9204008FA782 = {
						CreatedOnToolsVersion = 6.3.1;
						LastSwiftMigration = 0900;
						ProvisioningStyle = Automatic;
					};
					B0B14CEC28801C66003C4842 = {
						CreatedOnToolsVersion = 13.4.1;
						DevelopmentTeam = U8JMF34X5Y;
						ProvisioningStyle = Automatic;
						TestTargetID = 607FACCF1AFB9204008FA782;
					};
				};
			};
			buildConfigurationList = 607FACCB1AFB9204008FA782 /* Build configuration list for PBXProject "Example" */;
			compatibilityVersion = "Xcode 3.2";
			developmentRegion = English;
			hasScannedForEncodings = 0;
			knownRegions = (
				English,
				en,
				Base,
			);
			mainGroup = 607FACC71AFB9204008FA782;
			productRefGroup = 607FACD11AFB9204008FA782 /* Products */;
			projectDirPath = "";
			projectRoot = "";
			targets = (
				607FACCF1AFB9204008FA782 /* WannaSDK_Example */,
				B0B14CEC28801C66003C4842 /* WannaSDK_ExampleUITests */,
			);
		};
/* End PBXProject section */

/* Begin PBXResourcesBuildPhase section */
		607FACCE1AFB9204008FA782 /* Resources */ = {
			isa = PBXResourcesBuildPhase;
			buildActionMask = 2147483647;
			files = (
				9488486E2743ADF600D8B40C /* Main.storyboard in Resources */,
				9488486D2743ADF600D8B40C /* LaunchScreen.storyboard in Resources */,
				9488486C2743ADF600D8B40C /* Assets.xcassets in Resources */,
			);
			runOnlyForDeploymentPostprocessing = 0;
		};
		B0B14CEB28801C66003C4842 /* Resources */ = {
			isa = PBXResourcesBuildPhase;
			buildActionMask = 2147483647;
			files = (
			);
			runOnlyForDeploymentPostprocessing = 0;
		};
/* End PBXResourcesBuildPhase section */

/* Begin PBXShellScriptBuildPhase section */
		02EAB76C3756808E60FCA02A /* [CP] Copy Pods Resources */ = {
			isa = PBXShellScriptBuildPhase;
			buildActionMask = 2147483647;
			files = (
			);
			inputPaths = (
				"${PODS_ROOT}/Target Support Files/Pods-WannaSDK_Example/Pods-WannaSDK_Example-resources.sh",
				"${PODS_CONFIGURATION_BUILD_DIR}/WannaSDK/WannaCoreSDK.bundle",
				"${PODS_CONFIGURATION_BUILD_DIR}/WannaSDK/WsneakersUISDK.bundle",
			);
			name = "[CP] Copy Pods Resources";
			outputPaths = (
				"${TARGET_BUILD_DIR}/${UNLOCALIZED_RESOURCES_FOLDER_PATH}/WannaCoreSDK.bundle",
				"${TARGET_BUILD_DIR}/${UNLOCALIZED_RESOURCES_FOLDER_PATH}/WsneakersUISDK.bundle",
			);
			runOnlyForDeploymentPostprocessing = 0;
			shellPath = /bin/sh;
			shellScript = "\"${PODS_ROOT}/Target Support Files/Pods-WannaSDK_Example/Pods-WannaSDK_Example-resources.sh\"\n";
			showEnvVarsInLog = 0;
		};
		619D334539CAC283BF8E600D /* [CP] Check Pods Manifest.lock */ = {
			isa = PBXShellScriptBuildPhase;
			buildActionMask = 2147483647;
			files = (
			);
			inputFileListPaths = (
			);
			inputPaths = (
				"${PODS_PODFILE_DIR_PATH}/Podfile.lock",
				"${PODS_ROOT}/Manifest.lock",
			);
			name = "[CP] Check Pods Manifest.lock";
			outputFileListPaths = (
			);
			outputPaths = (
				"$(DERIVED_FILE_DIR)/Pods-WannaSDK_Example-checkManifestLockResult.txt",
			);
			runOnlyForDeploymentPostprocessing = 0;
			shellPath = /bin/sh;
			shellScript = "diff \"${PODS_PODFILE_DIR_PATH}/Podfile.lock\" \"${PODS_ROOT}/Manifest.lock\" > /dev/null\nif [ $? != 0 ] ; then\n    # print error to STDERR\n    echo \"error: The sandbox is not in sync with the Podfile.lock. Run 'pod install' or update your CocoaPods installation.\" >&2\n    exit 1\nfi\n# This output is used by Xcode 'outputs' to avoid re-running this script phase.\necho \"SUCCESS\" > \"${SCRIPT_OUTPUT_FILE_0}\"\n";
			showEnvVarsInLog = 0;
		};
		8488F94AE0C88A8BC673203C /* [CP] Embed Pods Frameworks */ = {
			isa = PBXShellScriptBuildPhase;
			buildActionMask = 2147483647;
			files = (
			);
			inputPaths = (
				"${PODS_ROOT}/Target Support Files/Pods-WannaSDK_Example/Pods-WannaSDK_Example-frameworks.sh",
				"${PODS_XCFRAMEWORKS_BUILD_DIR}/WannaSDK/WsneakersUISDK.framework/WsneakersUISDK",
				"${PODS_XCFRAMEWORKS_BUILD_DIR}/WannaSDK/WannaCoreSDK.framework/WannaCoreSDK",
			);
			name = "[CP] Embed Pods Frameworks";
			outputPaths = (
				"${TARGET_BUILD_DIR}/${FRAMEWORKS_FOLDER_PATH}/WsneakersUISDK.framework",
				"${TARGET_BUILD_DIR}/${FRAMEWORKS_FOLDER_PATH}/WannaCoreSDK.framework",
			);
			runOnlyForDeploymentPostprocessing = 0;
			shellPath = /bin/sh;
			shellScript = "\"${PODS_ROOT}/Target Support Files/Pods-WannaSDK_Example/Pods-WannaSDK_Example-frameworks.sh\"\n";
			showEnvVarsInLog = 0;
		};
/* End PBXShellScriptBuildPhase section */

/* Begin PBXSourcesBuildPhase section */
		607FACCC1AFB9204008FA782 /* Sources */ = {
			isa = PBXSourcesBuildPhase;
			buildActionMask = 2147483647;
			files = (
				920FDFED2BEE12F800B5916C /* UIAlertController+Helper.swift in Sources */,
				948848722743ADF600D8B40C /* DeviceCheckingViewController.swift in Sources */,
				948848702743ADF600D8B40C /* NavigationViewController.swift in Sources */,
				9488486F2743ADF600D8B40C /* WannaSDKDefaults.swift in Sources */,
				920FDFF02BEE12F800B5916C /* UIViewController+Helper.swift in Sources */,
				920FDFEE2BEE12F800B5916C /* UIApplication+Helper.swift in Sources */,
				920FDFEF2BEE12F800B5916C /* UIView+Helper.swift in Sources */,
				948848712743ADF600D8B40C /* AppDelegate.swift in Sources */,
				920FDFEC2BEE12F800B5916C /* UIAlertAction+Helper.swift in Sources */,
				9488486B2743ADF600D8B40C /* WsneakersSDKViewController.swift in Sources */,
				948848742743ADF600D8B40C /* TryOnViewController.swift in Sources */,
				948848662743ADF600D8B40C /* RenderModelSelectionViewController.swift in Sources */,
			);
			runOnlyForDeploymentPostprocessing = 0;
		};
		B0B14CE928801C66003C4842 /* Sources */ = {
			isa = PBXSourcesBuildPhase;
			buildActionMask = 2147483647;
			files = (
				B0B14D0528801D8E003C4842 /* MainScreen.swift in Sources */,
				B0B14D0028801D51003C4842 /* XCUIElement+wait.swift in Sources */,
				B0B14CF028801C66003C4842 /* WannaSDK_ExampleUITests.swift in Sources */,
				B0B14CFB28801CDC003C4842 /* Logger.swift in Sources */,
				B0B14D1228815A4C003C4842 /* Applyable.swift in Sources */,
				B065FFCC28C103F0006FC87E /* Constants.swift in Sources */,
				B0B14CFD28801CFA003C4842 /* Safari.swift in Sources */,
				B0B14D0928801DBC003C4842 /* RenderScreen.swift in Sources */,
				B0B14D0328801D73003C4842 /* BaseScreen.swift in Sources */,
				B0B14D0728801DA7003C4842 /* ModelsListScreen.swift in Sources */,
			);
			runOnlyForDeploymentPostprocessing = 0;
		};
/* End PBXSourcesBuildPhase section */

/* Begin PBXTargetDependency section */
		B0B14CF428801C66003C4842 /* PBXTargetDependency */ = {
			isa = PBXTargetDependency;
			target = 607FACCF1AFB9204008FA782 /* WannaSDK_Example */;
			targetProxy = B0B14CF328801C66003C4842 /* PBXContainerItemProxy */;
		};
/* End PBXTargetDependency section */

/* Begin PBXVariantGroup section */
		9488485C2743ADF600D8B40C /* LaunchScreen.storyboard */ = {
			isa = PBXVariantGroup;
			children = (
				9488485D2743ADF600D8B40C /* Base */,
			);
			name = LaunchScreen.storyboard;
			sourceTree = "<group>";
		};
		9488485E2743ADF600D8B40C /* Main.storyboard */ = {
			isa = PBXVariantGroup;
			children = (
				9488485F2743ADF600D8B40C /* Base */,
			);
			name = Main.storyboard;
			sourceTree = "<group>";
		};
/* End PBXVariantGroup section */

/* Begin XCBuildConfiguration section */
		607FACED1AFB9204008FA782 /* Debug */ = {
			isa = XCBuildConfiguration;
			buildSettings = {
				ALWAYS_SEARCH_USER_PATHS = NO;
				CLANG_CXX_LANGUAGE_STANDARD = "gnu++0x";
				CLANG_CXX_LIBRARY = "libc++";
				CLANG_ENABLE_MODULES = YES;
				CLANG_ENABLE_OBJC_ARC = YES;
				CLANG_WARN_BLOCK_CAPTURE_AUTORELEASING = YES;
				CLANG_WARN_BOOL_CONVERSION = YES;
				CLANG_WARN_COMMA = YES;
				CLANG_WARN_CONSTANT_CONVERSION = YES;
				CLANG_WARN_DIRECT_OBJC_ISA_USAGE = YES_ERROR;
				CLANG_WARN_EMPTY_BODY = YES;
				CLANG_WARN_ENUM_CONVERSION = YES;
				CLANG_WARN_INFINITE_RECURSION = YES;
				CLANG_WARN_INT_CONVERSION = YES;
				CLANG_WARN_NON_LITERAL_NULL_CONVERSION = YES;
				CLANG_WARN_OBJC_LITERAL_CONVERSION = YES;
				CLANG_WARN_OBJC_ROOT_CLASS = YES_ERROR;
				CLANG_WARN_RANGE_LOOP_ANALYSIS = YES;
				CLANG_WARN_STRICT_PROTOTYPES = YES;
				CLANG_WARN_SUSPICIOUS_MOVE = YES;
				CLANG_WARN_UNREACHABLE_CODE = YES;
				CLANG_WARN__DUPLICATE_METHOD_MATCH = YES;
				"CODE_SIGN_IDENTITY[sdk=iphoneos*]" = "iPhone Developer";
				COPY_PHASE_STRIP = NO;
				DEBUG_INFORMATION_FORMAT = "dwarf-with-dsym";
				ENABLE_STRICT_OBJC_MSGSEND = YES;
				ENABLE_TESTABILITY = YES;
				GCC_C_LANGUAGE_STANDARD = gnu99;
				GCC_DYNAMIC_NO_PIC = NO;
				GCC_NO_COMMON_BLOCKS = YES;
				GCC_OPTIMIZATION_LEVEL = 0;
				GCC_PREPROCESSOR_DEFINITIONS = (
					"DEBUG=1",
					"$(inherited)",
				);
				GCC_SYMBOLS_PRIVATE_EXTERN = NO;
				GCC_WARN_64_TO_32_BIT_CONVERSION = YES;
				GCC_WARN_ABOUT_RETURN_TYPE = YES_ERROR;
				GCC_WARN_UNDECLARED_SELECTOR = YES;
				GCC_WARN_UNINITIALIZED_AUTOS = YES_AGGRESSIVE;
				GCC_WARN_UNUSED_FUNCTION = YES;
				GCC_WARN_UNUSED_VARIABLE = YES;
				IPHONEOS_DEPLOYMENT_TARGET = 12.0;
				MTL_ENABLE_DEBUG_INFO = YES;
				ONLY_ACTIVE_ARCH = YES;
				SDKROOT = iphoneos;
				SWIFT_OPTIMIZATION_LEVEL = "-Onone";
			};
			name = Debug;
		};
		607FACEE1AFB9204008FA782 /* Release */ = {
			isa = XCBuildConfiguration;
			buildSettings = {
				ALWAYS_SEARCH_USER_PATHS = NO;
				CLANG_CXX_LANGUAGE_STANDARD = "gnu++0x";
				CLANG_CXX_LIBRARY = "libc++";
				CLANG_ENABLE_MODULES = YES;
				CLANG_ENABLE_OBJC_ARC = YES;
				CLANG_WARN_BLOCK_CAPTURE_AUTORELEASING = YES;
				CLANG_WARN_BOOL_CONVERSION = YES;
				CLANG_WARN_COMMA = YES;
				CLANG_WARN_CONSTANT_CONVERSION = YES;
				CLANG_WARN_DIRECT_OBJC_ISA_USAGE = YES_ERROR;
				CLANG_WARN_EMPTY_BODY = YES;
				CLANG_WARN_ENUM_CONVERSION = YES;
				CLANG_WARN_INFINITE_RECURSION = YES;
				CLANG_WARN_INT_CONVERSION = YES;
				CLANG_WARN_NON_LITERAL_NULL_CONVERSION = YES;
				CLANG_WARN_OBJC_LITERAL_CONVERSION = YES;
				CLANG_WARN_OBJC_ROOT_CLASS = YES_ERROR;
				CLANG_WARN_RANGE_LOOP_ANALYSIS = YES;
				CLANG_WARN_STRICT_PROTOTYPES = YES;
				CLANG_WARN_SUSPICIOUS_MOVE = YES;
				CLANG_WARN_UNREACHABLE_CODE = YES;
				CLANG_WARN__DUPLICATE_METHOD_MATCH = YES;
				"CODE_SIGN_IDENTITY[sdk=iphoneos*]" = "iPhone Developer";
				COPY_PHASE_STRIP = NO;
				DEBUG_INFORMATION_FORMAT = "dwarf-with-dsym";
				ENABLE_NS_ASSERTIONS = NO;
				ENABLE_STRICT_OBJC_MSGSEND = YES;
				GCC_C_LANGUAGE_STANDARD = gnu99;
				GCC_NO_COMMON_BLOCKS = YES;
				GCC_WARN_64_TO_32_BIT_CONVERSION = YES;
				GCC_WARN_ABOUT_RETURN_TYPE = YES_ERROR;
				GCC_WARN_UNDECLARED_SELECTOR = YES;
				GCC_WARN_UNINITIALIZED_AUTOS = YES_AGGRESSIVE;
				GCC_WARN_UNUSED_FUNCTION = YES;
				GCC_WARN_UNUSED_VARIABLE = YES;
				IPHONEOS_DEPLOYMENT_TARGET = 12.0;
				MTL_ENABLE_DEBUG_INFO = NO;
				SDKROOT = iphoneos;
				SWIFT_OPTIMIZATION_LEVEL = "-Owholemodule";
				VALIDATE_PRODUCT = YES;
			};
			name = Release;
		};
		607FACF01AFB9204008FA782 /* Debug */ = {
			isa = XCBuildConfiguration;
			baseConfigurationReference = CFDD3BD3066319DEE3BE3257 /* Pods-WannaSDK_Example.debug.xcconfig */;
			buildSettings = {
				ASSETCATALOG_COMPILER_APPICON_NAME = AppIcon;
				CODE_SIGN_IDENTITY = "Apple Development";
				CODE_SIGN_STYLE = Automatic;
				CURRENT_PROJECT_VERSION = 507;
				DEVELOPMENT_TEAM = "";
				ENABLE_BITCODE = NO;
				INFOPLIST_FILE = Example/Info.plist;
				LD_RUNPATH_SEARCH_PATHS = "$(inherited) @executable_path/Frameworks";
				MARKETING_VERSION = 7.0.1;
				MODULE_NAME = ExampleApp;
				PRODUCT_BUNDLE_IDENTIFIER = fashion.wanna.sdk.example;
				PRODUCT_NAME = "$(TARGET_NAME)";
				PROVISIONING_PROFILE_SPECIFIER = "";
				SWIFT_SWIFT3_OBJC_INFERENCE = Default;
				SWIFT_VERSION = 4.0;
			};
			name = Debug;
		};
		607FACF11AFB9204008FA782 /* Release */ = {
			isa = XCBuildConfiguration;
			baseConfigurationReference = B72CCDD56AEBB8F61EAB3AFE /* Pods-WannaSDK_Example.release.xcconfig */;
			buildSettings = {
				ASSETCATALOG_COMPILER_APPICON_NAME = AppIcon;
				CODE_SIGN_IDENTITY = "Apple Development";
				CODE_SIGN_STYLE = Automatic;
				CURRENT_PROJECT_VERSION = 507;
				DEVELOPMENT_TEAM = "";
				ENABLE_BITCODE = NO;
				INFOPLIST_FILE = Example/Info.plist;
				LD_RUNPATH_SEARCH_PATHS = "$(inherited) @executable_path/Frameworks";
				MARKETING_VERSION = 7.0.1;
				MODULE_NAME = ExampleApp;
				PRODUCT_BUNDLE_IDENTIFIER = fashion.wanna.sdk.example;
				PRODUCT_NAME = "$(TARGET_NAME)";
				PROVISIONING_PROFILE_SPECIFIER = "";
				SWIFT_SWIFT3_OBJC_INFERENCE = Default;
				SWIFT_VERSION = 4.0;
			};
			name = Release;
		};
		B0B14CF528801C66003C4842 /* Debug */ = {
			isa = XCBuildConfiguration;
			buildSettings = {
				CLANG_ANALYZER_NONNULL = YES;
				CLANG_ANALYZER_NUMBER_OBJECT_CONVERSION = YES_AGGRESSIVE;
				CLANG_CXX_LANGUAGE_STANDARD = "gnu++17";
				CLANG_ENABLE_OBJC_WEAK = YES;
				CLANG_WARN_DEPRECATED_OBJC_IMPLEMENTATIONS = YES;
				CLANG_WARN_DOCUMENTATION_COMMENTS = YES;
				CLANG_WARN_OBJC_IMPLICIT_RETAIN_SELF = YES;
				CLANG_WARN_QUOTED_INCLUDE_IN_FRAMEWORK_HEADER = YES;
				CLANG_WARN_UNGUARDED_AVAILABILITY = YES_AGGRESSIVE;
				CODE_SIGN_STYLE = Automatic;
				CURRENT_PROJECT_VERSION = 1;
				DEBUG_INFORMATION_FORMAT = dwarf;
				DEVELOPMENT_TEAM = U8JMF34X5Y;
				GCC_C_LANGUAGE_STANDARD = gnu11;
				GENERATE_INFOPLIST_FILE = YES;
				MARKETING_VERSION = 1.0;
				MTL_ENABLE_DEBUG_INFO = INCLUDE_SOURCE;
				MTL_FAST_MATH = YES;
				PRODUCT_BUNDLE_IDENTIFIER = "wanna.WannaSDK-ExampleUITests";
				PRODUCT_NAME = "$(TARGET_NAME)";
				SWIFT_ACTIVE_COMPILATION_CONDITIONS = DEBUG;
				SWIFT_EMIT_LOC_STRINGS = NO;
				SWIFT_VERSION = 5.0;
				TARGETED_DEVICE_FAMILY = "1,2";
				TEST_TARGET_NAME = WannaSDK_Example;
			};
			name = Debug;
		};
		B0B14CF628801C66003C4842 /* Release */ = {
			isa = XCBuildConfiguration;
			buildSettings = {
				CLANG_ANALYZER_NONNULL = YES;
				CLANG_ANALYZER_NUMBER_OBJECT_CONVERSION = YES_AGGRESSIVE;
				CLANG_CXX_LANGUAGE_STANDARD = "gnu++17";
				CLANG_ENABLE_OBJC_WEAK = YES;
				CLANG_WARN_DEPRECATED_OBJC_IMPLEMENTATIONS = YES;
				CLANG_WARN_DOCUMENTATION_COMMENTS = YES;
				CLANG_WARN_OBJC_IMPLICIT_RETAIN_SELF = YES;
				CLANG_WARN_QUOTED_INCLUDE_IN_FRAMEWORK_HEADER = YES;
				CLANG_WARN_UNGUARDED_AVAILABILITY = YES_AGGRESSIVE;
				CODE_SIGN_STYLE = Automatic;
				CURRENT_PROJECT_VERSION = 1;
				DEVELOPMENT_TEAM = U8JMF34X5Y;
				GCC_C_LANGUAGE_STANDARD = gnu11;
				GENERATE_INFOPLIST_FILE = YES;
				MARKETING_VERSION = 1.0;
				MTL_FAST_MATH = YES;
				PRODUCT_BUNDLE_IDENTIFIER = "wanna.WannaSDK-ExampleUITests";
				PRODUCT_NAME = "$(TARGET_NAME)";
				SWIFT_EMIT_LOC_STRINGS = NO;
				SWIFT_VERSION = 5.0;
				TARGETED_DEVICE_FAMILY = "1,2";
				TEST_TARGET_NAME = WannaSDK_Example;
			};
			name = Release;
		};
/* End XCBuildConfiguration section */

/* Begin XCConfigurationList section */
		607FACCB1AFB9204008FA782 /* Build configuration list for PBXProject "Example" */ = {
			isa = XCConfigurationList;
			buildConfigurations = (
				607FACED1AFB9204008FA782 /* Debug */,
				607FACEE1AFB9204008FA782 /* Release */,
			);
			defaultConfigurationIsVisible = 0;
			defaultConfigurationName = Release;
		};
		607FACEF1AFB9204008FA782 /* Build configuration list for PBXNativeTarget "WannaSDK_Example" */ = {
			isa = XCConfigurationList;
			buildConfigurations = (
				607FACF01AFB9204008FA782 /* Debug */,
				607FACF11AFB9204008FA782 /* Release */,
			);
			defaultConfigurationIsVisible = 0;
			defaultConfigurationName = Release;
		};
		B0B14CF728801C66003C4842 /* Build configuration list for PBXNativeTarget "WannaSDK_ExampleUITests" */ = {
			isa = XCConfigurationList;
			buildConfigurations = (
				B0B14CF528801C66003C4842 /* Debug */,
				B0B14CF628801C66003C4842 /* Release */,
			);
			defaultConfigurationIsVisible = 0;
			defaultConfigurationName = Release;
		};
/* End XCConfigurationList section */
	};
	rootObject = 607FACC81AFB9204008FA782 /* Project object */;
}
