// !$*UTF8*$!
{
	archiveVersion = 1;
	classes = {
	};
	objectVersion = 54;
	objects = {

/* Begin PBXBuildFile section */
		92AE72572BF1F94900011A13 /* DeviceCheckingViewController.swift in Sources */ = {isa = PBXBuildFile; fileRef = 948848632743ADF600D8B40C /* DeviceCheckingViewController.swift */; };
		92AE72582BF1F94900011A13 /* NavigationViewController.swift in Sources */ = {isa = PBXBuildFile; fileRef = 948848612743ADF600D8B40C /* NavigationViewController.swift */; };
		92AE72592BF1F94900011A13 /* WannaSDKDefaults.swift in Sources */ = {isa = PBXBuildFile; fileRef = 948848602743ADF600D8B40C /* WannaSDKDefaults.swift */; };
		92AE725D2BF1F94900011A13 /* AppDelegate.swift in Sources */ = {isa = PBXBuildFile; fileRef = 948848622743ADF600D8B40C /* AppDelegate.swift */; };
		92AE725F2BF1F94900011A13 /* WsneakersSDKViewController.swift in Sources */ = {isa = PBXBuildFile; fileRef = 9488485A2743ADF600D8B40C /* WsneakersSDKViewController.swift */; };
		92AE72602BF1F94900011A13 /* RenderModelSelectionViewController.swift in Sources */ = {isa = PBXBuildFile; fileRef = 948848542743ADF600D8B40C /* RenderModelSelectionViewController.swift */; };
		92AE72662BF1F94900011A13 /* Main.storyboard in Resources */ = {isa = PBXBuildFile; fileRef = 9488485E2743ADF600D8B40C /* Main.storyboard */; };
		92AE72672BF1F94900011A13 /* LaunchScreen.storyboard in Resources */ = {isa = PBXBuildFile; fileRef = 9488485C2743ADF600D8B40C /* LaunchScreen.storyboard */; };
		92AE72682BF1F94900011A13 /* Assets.xcassets in Resources */ = {isa = PBXBuildFile; fileRef = 9488485B2743ADF600D8B40C /* Assets.xcassets */; };
		B065FFCC28C103F0006FC87E /* Constants.swift in Sources */ = {isa = PBXBuildFile; fileRef = B065FFCB28C103F0006FC87E /* Constants.swift */; };
		B0B14CF028801C66003C4842 /* WannaSDK_ExampleUITests.swift in Sources */ = {isa = PBXBuildFile; fileRef = B0B14CEF28801C66003C4842 /* WannaSDK_ExampleUITests.swift */; };
		B0B14CFB28801CDC003C4842 /* Logger.swift in Sources */ = {isa = PBXBuildFile; fileRef = B0B14CFA28801CDC003C4842 /* Logger.swift */; };
		B0B14CFD28801CFA003C4842 /* Safari.swift in Sources */ = {isa = PBXBuildFile; fileRef = B0B14CFC28801CFA003C4842 /* Safari.swift */; };
		B0B14D0028801D51003C4842 /* XCUIElement+wait.swift in Sources */ = {isa = PBXBuildFile; fileRef = B0B14CFF28801D51003C4842 /* XCUIElement+wait.swift */; };
		B0B14D0328801D73003C4842 /* BaseScreen.swift in Sources */ = {isa = PBXBuildFile; fileRef = B0B14D0228801D73003C4842 /* BaseScreen.swift */; };
		B0B14D0528801D8E003C4842 /* MainScreen.swift in Sources */ = {isa = PBXBuildFile; fileRef = B0B14D0428801D8E003C4842 /* MainScreen.swift */; };
		B0B14D0728801DA7003C4842 /* ModelsListScreen.swift in Sources */ = {isa = PBXBuildFile; fileRef = B0B14D0628801DA7003C4842 /* ModelsListScreen.swift */; };
		B0B14D0928801DBC003C4842 /* RenderScreen.swift in Sources */ = {isa = PBXBuildFile; fileRef = B0B14D0828801DBC003C4842 /* RenderScreen.swift */; };
		B0B14D1228815A4C003C4842 /* Applyable.swift in Sources */ = {isa = PBXBuildFile; fileRef = B0B14D1128815A4C003C4842 /* Applyable.swift */; };
		E7985B59CAE35B3DE9B96DEA /* Pods_Wanna_Sample.framework in Frameworks */ = {isa = PBXBuildFile; fileRef = 4E5F8F6A1F8F510FFF46A731 /* Pods_Wanna_Sample.framework */; };
/* End PBXBuildFile section */

/* Begin PBXContainerItemProxy section */
		926721272BF2223F00AF67CB /* PBXContainerItemProxy */ = {
			isa = PBXContainerItemProxy;
			containerPortal = 607FACC81AFB9204008FA782 /* Project object */;
			proxyType = 1;
			remoteGlobalIDString = 92AE72512BF1F94900011A13;
			remoteInfo = "WannaSDKExample CocoaPods";
		};
/* End PBXContainerItemProxy section */

/* Begin PBXCopyFilesBuildPhase section */
		92AE72692BF1F94900011A13 /* Embed Frameworks */ = {
			isa = PBXCopyFilesBuildPhase;
			buildActionMask = 2147483647;
			dstPath = "";
			dstSubfolderSpec = 10;
			files = (
			);
			name = "Embed Frameworks";
			runOnlyForDeploymentPostprocessing = 0;
		};
		92AE726A2BF1F94900011A13 /* Copy WannaSDK dSYM */ = {
			isa = PBXCopyFilesBuildPhase;
			buildActionMask = 2147483647;
			dstPath = "";
			dstSubfolderSpec = 16;
			files = (
			);
			name = "Copy WannaSDK dSYM";
			runOnlyForDeploymentPostprocessing = 0;
		};
/* End PBXCopyFilesBuildPhase section */

/* Begin PBXFileReference section */
		079F835A4D4F4A4777280ACF /* Pods-WannaSDKExample CocoaPods.debug.xcconfig */ = {isa = PBXFileReference; includeInIndex = 1; lastKnownFileType = text.xcconfig; name = "Pods-WannaSDKExample CocoaPods.debug.xcconfig"; path = "Target Support Files/Pods-WannaSDKExample CocoaPods/Pods-WannaSDKExample CocoaPods.debug.xcconfig"; sourceTree = "<group>"; };
		4E5F8F6A1F8F510FFF46A731 /* Pods_Wanna_Sample.framework */ = {isa = PBXFileReference; explicitFileType = wrapper.framework; includeInIndex = 0; path = Pods_Wanna_Sample.framework; sourceTree = BUILT_PRODUCTS_DIR; };
		66D2A9EC73DCCA6EA1AF83BC /* Pods-WannaSDKExample CocoaPods.release.xcconfig */ = {isa = PBXFileReference; includeInIndex = 1; lastKnownFileType = text.xcconfig; name = "Pods-WannaSDKExample CocoaPods.release.xcconfig"; path = "Target Support Files/Pods-WannaSDKExample CocoaPods/Pods-WannaSDKExample CocoaPods.release.xcconfig"; sourceTree = "<group>"; };
		92AE726E2BF1F94900011A13 /* Wanna Sample.app */ = {isa = PBXFileReference; explicitFileType = wrapper.application; includeInIndex = 0; path = "Wanna Sample.app"; sourceTree = BUILT_PRODUCTS_DIR; };
		92AE726F2BF1F94900011A13 /* WannaSDK_Example copy-Info.plist */ = {isa = PBXFileReference; lastKnownFileType = text.plist.xml; name = "WannaSDK_Example copy-Info.plist"; path = "/Users/denis/wanna/WannaSDK-iOS/Example/WannaSDK_Example copy-Info.plist"; sourceTree = "<absolute>"; };
		948848542743ADF600D8B40C /* RenderModelSelectionViewController.swift */ = {isa = PBXFileReference; fileEncoding = 4; lastKnownFileType = sourcecode.swift; path = RenderModelSelectionViewController.swift; sourceTree = "<group>"; };
		9488485A2743ADF600D8B40C /* WsneakersSDKViewController.swift */ = {isa = PBXFileReference; fileEncoding = 4; lastKnownFileType = sourcecode.swift; path = WsneakersSDKViewController.swift; sourceTree = "<group>"; };
		9488485B2743ADF600D8B40C /* Assets.xcassets */ = {isa = PBXFileReference; lastKnownFileType = folder.assetcatalog; path = Assets.xcassets; sourceTree = "<group>"; };
		9488485D2743ADF600D8B40C /* Base */ = {isa = PBXFileReference; lastKnownFileType = file.storyboard; name = Base; path = Base.lproj/LaunchScreen.storyboard; sourceTree = "<group>"; };
		9488485F2743ADF600D8B40C /* Base */ = {isa = PBXFileReference; lastKnownFileType = file.storyboard; name = Base; path = Base.lproj/Main.storyboard; sourceTree = "<group>"; };
		948848602743ADF600D8B40C /* WannaSDKDefaults.swift */ = {isa = PBXFileReference; fileEncoding = 4; lastKnownFileType = sourcecode.swift; path = WannaSDKDefaults.swift; sourceTree = "<group>"; };
		948848612743ADF600D8B40C /* NavigationViewController.swift */ = {isa = PBXFileReference; fileEncoding = 4; lastKnownFileType = sourcecode.swift; path = NavigationViewController.swift; sourceTree = "<group>"; };
		948848622743ADF600D8B40C /* AppDelegate.swift */ = {isa = PBXFileReference; fileEncoding = 4; lastKnownFileType = sourcecode.swift; path = AppDelegate.swift; sourceTree = "<group>"; };
		948848632743ADF600D8B40C /* DeviceCheckingViewController.swift */ = {isa = PBXFileReference; fileEncoding = 4; lastKnownFileType = sourcecode.swift; path = DeviceCheckingViewController.swift; sourceTree = "<group>"; };
		948848642743ADF600D8B40C /* Info.plist */ = {isa = PBXFileReference; fileEncoding = 4; lastKnownFileType = text.plist.xml; path = Info.plist; sourceTree = "<group>"; };
		B065FFCB28C103F0006FC87E /* Constants.swift */ = {isa = PBXFileReference; lastKnownFileType = sourcecode.swift; path = Constants.swift; sourceTree = "<group>"; };
		B0B14CED28801C66003C4842 /* Wanna Sample UITests.xctest */ = {isa = PBXFileReference; explicitFileType = wrapper.cfbundle; includeInIndex = 0; path = "Wanna Sample UITests.xctest"; sourceTree = BUILT_PRODUCTS_DIR; };
		B0B14CEF28801C66003C4842 /* WannaSDK_ExampleUITests.swift */ = {isa = PBXFileReference; lastKnownFileType = sourcecode.swift; path = WannaSDK_ExampleUITests.swift; sourceTree = "<group>"; };
		B0B14CFA28801CDC003C4842 /* Logger.swift */ = {isa = PBXFileReference; lastKnownFileType = sourcecode.swift; path = Logger.swift; sourceTree = "<group>"; };
		B0B14CFC28801CFA003C4842 /* Safari.swift */ = {isa = PBXFileReference; lastKnownFileType = sourcecode.swift; path = Safari.swift; sourceTree = "<group>"; };
		B0B14CFF28801D51003C4842 /* XCUIElement+wait.swift */ = {isa = PBXFileReference; lastKnownFileType = sourcecode.swift; path = "XCUIElement+wait.swift"; sourceTree = "<group>"; };
		B0B14D0228801D73003C4842 /* BaseScreen.swift */ = {isa = PBXFileReference; lastKnownFileType = sourcecode.swift; path = BaseScreen.swift; sourceTree = "<group>"; };
		B0B14D0428801D8E003C4842 /* MainScreen.swift */ = {isa = PBXFileReference; lastKnownFileType = sourcecode.swift; path = MainScreen.swift; sourceTree = "<group>"; };
		B0B14D0628801DA7003C4842 /* ModelsListScreen.swift */ = {isa = PBXFileReference; lastKnownFileType = sourcecode.swift; path = ModelsListScreen.swift; sourceTree = "<group>"; };
		B0B14D0828801DBC003C4842 /* RenderScreen.swift */ = {isa = PBXFileReference; lastKnownFileType = sourcecode.swift; path = RenderScreen.swift; sourceTree = "<group>"; };
		B0B14D1128815A4C003C4842 /* Applyable.swift */ = {isa = PBXFileReference; lastKnownFileType = sourcecode.swift; path = Applyable.swift; sourceTree = "<group>"; };
		E07819A5148B56F575B52807 /* Pods-Wanna Sample.release.xcconfig */ = {isa = PBXFileReference; includeInIndex = 1; lastKnownFileType = text.xcconfig; name = "Pods-Wanna Sample.release.xcconfig"; path = "Target Support Files/Pods-Wanna Sample/Pods-Wanna Sample.release.xcconfig"; sourceTree = "<group>"; };
		EC763C6B124B39819E20AC11 /* Pods-Wanna Sample.debug.xcconfig */ = {isa = PBXFileReference; includeInIndex = 1; lastKnownFileType = text.xcconfig; name = "Pods-Wanna Sample.debug.xcconfig"; path = "Target Support Files/Pods-Wanna Sample/Pods-Wanna Sample.debug.xcconfig"; sourceTree = "<group>"; };
/* End PBXFileReference section */

/* Begin PBXFrameworksBuildPhase section */
		92AE72612BF1F94900011A13 /* Frameworks */ = {
			isa = PBXFrameworksBuildPhase;
			buildActionMask = 2147483647;
			files = (
				E7985B59CAE35B3DE9B96DEA /* Pods_Wanna_Sample.framework in Frameworks */,
			);
			runOnlyForDeploymentPostprocessing = 0;
		};
		B0B14CEA28801C66003C4842 /* Frameworks */ = {
			isa = PBXFrameworksBuildPhase;
			buildActionMask = 2147483647;
			files = (
			);
			runOnlyForDeploymentPostprocessing = 0;
		};
/* End PBXFrameworksBuildPhase section */

/* Begin PBXGroup section */
		607FACC71AFB9204008FA782 = {
			isa = PBXGroup;
			children = (
				948848532743ADF600D8B40C /* Example */,
				B0B14CEE28801C66003C4842 /* WannaSDK_ExampleUITests */,
				607FACD11AFB9204008FA782 /* Products */,
				90374BBB0CD3835287E79D6A /* Pods */,
				92AE726F2BF1F94900011A13 /* WannaSDK_Example copy-Info.plist */,
				E37FB7FAA7BAAFF56584A0AF /* Frameworks */,
			);
			sourceTree = "<group>";
		};
		607FACD11AFB9204008FA782 /* Products */ = {
			isa = PBXGroup;
			children = (
				B0B14CED28801C66003C4842 /* Wanna Sample UITests.xctest */,
				92AE726E2BF1F94900011A13 /* Wanna Sample.app */,
			);
			name = Products;
			sourceTree = "<group>";
		};
		90374BBB0CD3835287E79D6A /* Pods */ = {
			isa = PBXGroup;
			children = (
				079F835A4D4F4A4777280ACF /* Pods-WannaSDKExample CocoaPods.debug.xcconfig */,
				66D2A9EC73DCCA6EA1AF83BC /* Pods-WannaSDKExample CocoaPods.release.xcconfig */,
				EC763C6B124B39819E20AC11 /* Pods-Wanna Sample.debug.xcconfig */,
				E07819A5148B56F575B52807 /* Pods-Wanna Sample.release.xcconfig */,
			);
			path = Pods;
			sourceTree = "<group>";
		};
		948848532743ADF600D8B40C /* Example */ = {
			isa = PBXGroup;
			children = (
				948848542743ADF600D8B40C /* RenderModelSelectionViewController.swift */,
				9488485A2743ADF600D8B40C /* WsneakersSDKViewController.swift */,
				9488485B2743ADF600D8B40C /* Assets.xcassets */,
				9488485C2743ADF600D8B40C /* LaunchScreen.storyboard */,
				9488485E2743ADF600D8B40C /* Main.storyboard */,
				948848602743ADF600D8B40C /* WannaSDKDefaults.swift */,
				948848612743ADF600D8B40C /* NavigationViewController.swift */,
				948848622743ADF600D8B40C /* AppDelegate.swift */,
				948848632743ADF600D8B40C /* DeviceCheckingViewController.swift */,
				948848642743ADF600D8B40C /* Info.plist */,
			);
			path = Example;
			sourceTree = "<group>";
		};
		B0B14CEE28801C66003C4842 /* WannaSDK_ExampleUITests */ = {
			isa = PBXGroup;
			children = (
				B0B14D1028815A3E003C4842 /* Protocols */,
				B0B14D0128801D68003C4842 /* Screens */,
				B0B14CFE28801D3B003C4842 /* Extensions */,
				B0B14CF928801CCF003C4842 /* Utils */,
				B0B14CF828801CBE003C4842 /* Tests */,
			);
			path = WannaSDK_ExampleUITests;
			sourceTree = "<group>";
		};
		B0B14CF828801CBE003C4842 /* Tests */ = {
			isa = PBXGroup;
			children = (
				B0B14CEF28801C66003C4842 /* WannaSDK_ExampleUITests.swift */,
			);
			path = Tests;
			sourceTree = "<group>";
		};
		B0B14CF928801CCF003C4842 /* Utils */ = {
			isa = PBXGroup;
			children = (
				B0B14CFA28801CDC003C4842 /* Logger.swift */,
				B0B14CFC28801CFA003C4842 /* Safari.swift */,
				B065FFCB28C103F0006FC87E /* Constants.swift */,
			);
			path = Utils;
			sourceTree = "<group>";
		};
		B0B14CFE28801D3B003C4842 /* Extensions */ = {
			isa = PBXGroup;
			children = (
				B0B14CFF28801D51003C4842 /* XCUIElement+wait.swift */,
			);
			path = Extensions;
			sourceTree = "<group>";
		};
		B0B14D0128801D68003C4842 /* Screens */ = {
			isa = PBXGroup;
			children = (
				B0B14D0228801D73003C4842 /* BaseScreen.swift */,
				B0B14D0428801D8E003C4842 /* MainScreen.swift */,
				B0B14D0628801DA7003C4842 /* ModelsListScreen.swift */,
				B0B14D0828801DBC003C4842 /* RenderScreen.swift */,
			);
			path = Screens;
			sourceTree = "<group>";
		};
		B0B14D1028815A3E003C4842 /* Protocols */ = {
			isa = PBXGroup;
			children = (
				B0B14D1128815A4C003C4842 /* Applyable.swift */,
			);
			path = Protocols;
			sourceTree = "<group>";
		};
		E37FB7FAA7BAAFF56584A0AF /* Frameworks */ = {
			isa = PBXGroup;
			children = (
				4E5F8F6A1F8F510FFF46A731 /* Pods_Wanna_Sample.framework */,
			);
			name = Frameworks;
			sourceTree = "<group>";
		};
/* End PBXGroup section */

/* Begin PBXNativeTarget section */
		92AE72512BF1F94900011A13 /* Wanna Sample */ = {
			isa = PBXNativeTarget;
			buildConfigurationList = 92AE726B2BF1F94900011A13 /* Build configuration list for PBXNativeTarget "Wanna Sample" */;
			buildPhases = (
				CF99928B020515928E19B976 /* [CP] Check Pods Manifest.lock */,
				92AE72552BF1F94900011A13 /* Sources */,
				92AE72612BF1F94900011A13 /* Frameworks */,
				92AE72652BF1F94900011A13 /* Resources */,
				92AE72692BF1F94900011A13 /* Embed Frameworks */,
				92AE726A2BF1F94900011A13 /* Copy WannaSDK dSYM */,
				A38E1D2D96D7AC3F03FCABD0 /* [CP] Embed Pods Frameworks */,
				D56224732EDD1100A7DFD215 /* [CP] Copy Pods Resources */,
			);
			buildRules = (
			);
			dependencies = (
			);
			name = "Wanna Sample";
			productName = WannaSDK;
			productReference = 92AE726E2BF1F94900011A13 /* Wanna Sample.app */;
			productType = "com.apple.product-type.application";
		};
		B0B14CEC28801C66003C4842 /* Wanna Sample UITests */ = {
			isa = PBXNativeTarget;
			buildConfigurationList = B0B14CF728801C66003C4842 /* Build configuration list for PBXNativeTarget "Wanna Sample UITests" */;
			buildPhases = (
				B0B14CE928801C66003C4842 /* Sources */,
				B0B14CEA28801C66003C4842 /* Frameworks */,
				B0B14CEB28801C66003C4842 /* Resources */,
			);
			buildRules = (
			);
			dependencies = (
				926721282BF2223F00AF67CB /* PBXTargetDependency */,
			);
			name = "Wanna Sample UITests";
			productName = WannaSDK_ExampleUITests;
			productReference = B0B14CED28801C66003C4842 /* Wanna Sample UITests.xctest */;
			productType = "com.apple.product-type.bundle.ui-testing";
		};
/* End PBXNativeTarget section */

/* Begin PBXProject section */
		607FACC81AFB9204008FA782 /* Project object */ = {
			isa = PBXProject;
			attributes = {
				BuildIndependentTargetsInParallel = YES;
				LastSwiftUpdateCheck = 1540;
				LastUpgradeCheck = 1540;
				ORGANIZATIONNAME = CocoaPods;
				TargetAttributes = {
					B0B14CEC28801C66003C4842 = {
						CreatedOnToolsVersion = 13.4.1;
						ProvisioningStyle = Automatic;
						TestTargetID = 92AE72512BF1F94900011A13;
					};
				};
			};
			buildConfigurationList = 607FACCB1AFB9204008FA782 /* Build configuration list for PBXProject "Example" */;
			compatibilityVersion = "Xcode 3.2";
			developmentRegion = English;
			hasScannedForEncodings = 0;
			knownRegions = (
				English,
				en,
				Base,
			);
			mainGroup = 607FACC71AFB9204008FA782;
			productRefGroup = 607FACD11AFB9204008FA782 /* Products */;
			projectDirPath = "";
			projectRoot = "";
			targets = (
				92AE72512BF1F94900011A13 /* Wanna Sample */,
				B0B14CEC28801C66003C4842 /* Wanna Sample UITests */,
			);
		};
/* End PBXProject section */

/* Begin PBXResourcesBuildPhase section */
		92AE72652BF1F94900011A13 /* Resources */ = {
			isa = PBXResourcesBuildPhase;
			buildActionMask = 2147483647;
			files = (
				92AE72662BF1F94900011A13 /* Main.storyboard in Resources */,
				92AE72672BF1F94900011A13 /* LaunchScreen.storyboard in Resources */,
				92AE72682BF1F94900011A13 /* Assets.xcassets in Resources */,
			);
			runOnlyForDeploymentPostprocessing = 0;
		};
		B0B14CEB28801C66003C4842 /* Resources */ = {
			isa = PBXResourcesBuildPhase;
			buildActionMask = 2147483647;
			files = (
			);
			runOnlyForDeploymentPostprocessing = 0;
		};
/* End PBXResourcesBuildPhase section */

/* Begin PBXShellScriptBuildPhase section */
		A38E1D2D96D7AC3F03FCABD0 /* [CP] Embed Pods Frameworks */ = {
			isa = PBXShellScriptBuildPhase;
			buildActionMask = 2147483647;
			files = (
			);
			inputPaths = (
				"${PODS_ROOT}/Target Support Files/Pods-Wanna Sample/Pods-Wanna Sample-frameworks.sh",
				"${BUILT_PRODUCTS_DIR}/WannaDebug/WannaDebug.framework",
				"${BUILT_PRODUCTS_DIR}/WannaTryOn/WannaTryOn.framework",
				"${PODS_XCFRAMEWORKS_BUILD_DIR}/WannaSDK/WsneakersUISDK.framework/WsneakersUISDK",
				"${PODS_XCFRAMEWORKS_BUILD_DIR}/WannaSDK/WannaCoreSDK.framework/WannaCoreSDK",
			);
			name = "[CP] Embed Pods Frameworks";
			outputPaths = (
				"${TARGET_BUILD_DIR}/${FRAMEWORKS_FOLDER_PATH}/WannaDebug.framework",
				"${TARGET_BUILD_DIR}/${FRAMEWORKS_FOLDER_PATH}/WannaTryOn.framework",
				"${TARGET_BUILD_DIR}/${FRAMEWORKS_FOLDER_PATH}/WsneakersUISDK.framework",
				"${TARGET_BUILD_DIR}/${FRAMEWORKS_FOLDER_PATH}/WannaCoreSDK.framework",
			);
			runOnlyForDeploymentPostprocessing = 0;
			shellPath = /bin/sh;
			shellScript = "\"${PODS_ROOT}/Target Support Files/Pods-Wanna Sample/Pods-Wanna Sample-frameworks.sh\"\n";
			showEnvVarsInLog = 0;
		};
		CF99928B020515928E19B976 /* [CP] Check Pods Manifest.lock */ = {
			isa = PBXShellScriptBuildPhase;
			buildActionMask = 2147483647;
			files = (
			);
			inputFileListPaths = (
			);
			inputPaths = (
				"${PODS_PODFILE_DIR_PATH}/Podfile.lock",
				"${PODS_ROOT}/Manifest.lock",
			);
			name = "[CP] Check Pods Manifest.lock";
			outputFileListPaths = (
			);
			outputPaths = (
				"$(DERIVED_FILE_DIR)/Pods-Wanna Sample-checkManifestLockResult.txt",
			);
			runOnlyForDeploymentPostprocessing = 0;
			shellPath = /bin/sh;
			shellScript = "diff \"${PODS_PODFILE_DIR_PATH}/Podfile.lock\" \"${PODS_ROOT}/Manifest.lock\" > /dev/null\nif [ $? != 0 ] ; then\n    # print error to STDERR\n    echo \"error: The sandbox is not in sync with the Podfile.lock. Run 'pod install' or update your CocoaPods installation.\" >&2\n    exit 1\nfi\n# This output is used by Xcode 'outputs' to avoid re-running this script phase.\necho \"SUCCESS\" > \"${SCRIPT_OUTPUT_FILE_0}\"\n";
			showEnvVarsInLog = 0;
		};
		D56224732EDD1100A7DFD215 /* [CP] Copy Pods Resources */ = {
			isa = PBXShellScriptBuildPhase;
			buildActionMask = 2147483647;
			files = (
			);
			inputPaths = (
				"${PODS_ROOT}/Target Support Files/Pods-Wanna Sample/Pods-Wanna Sample-resources.sh",
				"${PODS_CONFIGURATION_BUILD_DIR}/WannaSDK/WannaCoreSDK.bundle",
				"${PODS_CONFIGURATION_BUILD_DIR}/WannaSDK/WsneakersUISDK.bundle",
			);
			name = "[CP] Copy Pods Resources";
			outputPaths = (
				"${TARGET_BUILD_DIR}/${UNLOCALIZED_RESOURCES_FOLDER_PATH}/WannaCoreSDK.bundle",
				"${TARGET_BUILD_DIR}/${UNLOCALIZED_RESOURCES_FOLDER_PATH}/WsneakersUISDK.bundle",
			);
			runOnlyForDeploymentPostprocessing = 0;
			shellPath = /bin/sh;
			shellScript = "\"${PODS_ROOT}/Target Support Files/Pods-Wanna Sample/Pods-Wanna Sample-resources.sh\"\n";
			showEnvVarsInLog = 0;
		};
/* End PBXShellScriptBuildPhase section */

/* Begin PBXSourcesBuildPhase section */
		92AE72552BF1F94900011A13 /* Sources */ = {
			isa = PBXSourcesBuildPhase;
			buildActionMask = 2147483647;
			files = (
				92AE72572BF1F94900011A13 /* DeviceCheckingViewController.swift in Sources */,
				92AE72582BF1F94900011A13 /* NavigationViewController.swift in Sources */,
				92AE72592BF1F94900011A13 /* WannaSDKDefaults.swift in Sources */,
				92AE725D2BF1F94900011A13 /* AppDelegate.swift in Sources */,
				92AE725F2BF1F94900011A13 /* WsneakersSDKViewController.swift in Sources */,
				92AE72602BF1F94900011A13 /* RenderModelSelectionViewController.swift in Sources */,
			);
			runOnlyForDeploymentPostprocessing = 0;
		};
		B0B14CE928801C66003C4842 /* Sources */ = {
			isa = PBXSourcesBuildPhase;
			buildActionMask = 2147483647;
			files = (
				B0B14D0528801D8E003C4842 /* MainScreen.swift in Sources */,
				B0B14D0028801D51003C4842 /* XCUIElement+wait.swift in Sources */,
				B0B14CF028801C66003C4842 /* WannaSDK_ExampleUITests.swift in Sources */,
				B0B14CFB28801CDC003C4842 /* Logger.swift in Sources */,
				B0B14D1228815A4C003C4842 /* Applyable.swift in Sources */,
				B065FFCC28C103F0006FC87E /* Constants.swift in Sources */,
				B0B14CFD28801CFA003C4842 /* Safari.swift in Sources */,
				B0B14D0928801DBC003C4842 /* RenderScreen.swift in Sources */,
				B0B14D0328801D73003C4842 /* BaseScreen.swift in Sources */,
				B0B14D0728801DA7003C4842 /* ModelsListScreen.swift in Sources */,
			);
			runOnlyForDeploymentPostprocessing = 0;
		};
/* End PBXSourcesBuildPhase section */

/* Begin PBXTargetDependency section */
		926721282BF2223F00AF67CB /* PBXTargetDependency */ = {
			isa = PBXTargetDependency;
			target = 92AE72512BF1F94900011A13 /* Wanna Sample */;
			targetProxy = 926721272BF2223F00AF67CB /* PBXContainerItemProxy */;
		};
/* End PBXTargetDependency section */

/* Begin PBXVariantGroup section */
		9488485C2743ADF600D8B40C /* LaunchScreen.storyboard */ = {
			isa = PBXVariantGroup;
			children = (
				9488485D2743ADF600D8B40C /* Base */,
			);
			name = LaunchScreen.storyboard;
			sourceTree = "<group>";
		};
		9488485E2743ADF600D8B40C /* Main.storyboard */ = {
			isa = PBXVariantGroup;
			children = (
				9488485F2743ADF600D8B40C /* Base */,
			);
			name = Main.storyboard;
			sourceTree = "<group>";
		};
/* End PBXVariantGroup section */

/* Begin XCBuildConfiguration section */
		607FACED1AFB9204008FA782 /* Debug */ = {
			isa = XCBuildConfiguration;
			buildSettings = {
				ALWAYS_SEARCH_USER_PATHS = NO;
				CLANG_ANALYZER_LOCALIZABILITY_NONLOCALIZED = YES;
				CLANG_CXX_LANGUAGE_STANDARD = "gnu++0x";
				CLANG_CXX_LIBRARY = "libc++";
				CLANG_ENABLE_MODULES = YES;
				CLANG_ENABLE_OBJC_ARC = YES;
				CLANG_WARN_BLOCK_CAPTURE_AUTORELEASING = YES;
				CLANG_WARN_BOOL_CONVERSION = YES;
				CLANG_WARN_COMMA = YES;
				CLANG_WARN_CONSTANT_CONVERSION = YES;
				CLANG_WARN_DEPRECATED_OBJC_IMPLEMENTATIONS = YES;
				CLANG_WARN_DIRECT_OBJC_ISA_USAGE = YES_ERROR;
				CLANG_WARN_EMPTY_BODY = YES;
				CLANG_WARN_ENUM_CONVERSION = YES;
				CLANG_WARN_INFINITE_RECURSION = YES;
				CLANG_WARN_INT_CONVERSION = YES;
				CLANG_WARN_NON_LITERAL_NULL_CONVERSION = YES;
				CLANG_WARN_OBJC_IMPLICIT_RETAIN_SELF = YES;
				CLANG_WARN_OBJC_LITERAL_CONVERSION = YES;
				CLANG_WARN_OBJC_ROOT_CLASS = YES_ERROR;
				CLANG_WARN_QUOTED_INCLUDE_IN_FRAMEWORK_HEADER = YES;
				CLANG_WARN_RANGE_LOOP_ANALYSIS = YES;
				CLANG_WARN_STRICT_PROTOTYPES = YES;
				CLANG_WARN_SUSPICIOUS_MOVE = YES;
				CLANG_WARN_UNREACHABLE_CODE = YES;
				CLANG_WARN__DUPLICATE_METHOD_MATCH = YES;
				"CODE_SIGN_IDENTITY[sdk=iphoneos*]" = "iPhone Developer";
				COPY_PHASE_STRIP = NO;
				DEBUG_INFORMATION_FORMAT = "dwarf-with-dsym";
				ENABLE_STRICT_OBJC_MSGSEND = YES;
				ENABLE_TESTABILITY = YES;
				GCC_C_LANGUAGE_STANDARD = gnu99;
				GCC_DYNAMIC_NO_PIC = NO;
				GCC_NO_COMMON_BLOCKS = YES;
				GCC_OPTIMIZATION_LEVEL = 0;
				GCC_PREPROCESSOR_DEFINITIONS = (
					"DEBUG=1",
					"$(inherited)",
				);
				GCC_SYMBOLS_PRIVATE_EXTERN = NO;
				GCC_WARN_64_TO_32_BIT_CONVERSION = YES;
				GCC_WARN_ABOUT_RETURN_TYPE = YES_ERROR;
				GCC_WARN_UNDECLARED_SELECTOR = YES;
				GCC_WARN_UNINITIALIZED_AUTOS = YES_AGGRESSIVE;
				GCC_WARN_UNUSED_FUNCTION = YES;
				GCC_WARN_UNUSED_VARIABLE = YES;
				IPHONEOS_DEPLOYMENT_TARGET = 12.0;
				MTL_ENABLE_DEBUG_INFO = YES;
				ONLY_ACTIVE_ARCH = YES;
				SDKROOT = iphoneos;
				SWIFT_OPTIMIZATION_LEVEL = "-Onone";
			};
			name = Debug;
		};
		607FACEE1AFB9204008FA782 /* Release */ = {
			isa = XCBuildConfiguration;
			buildSettings = {
				ALWAYS_SEARCH_USER_PATHS = NO;
				CLANG_ANALYZER_LOCALIZABILITY_NONLOCALIZED = YES;
				CLANG_CXX_LANGUAGE_STANDARD = "gnu++0x";
				CLANG_CXX_LIBRARY = "libc++";
				CLANG_ENABLE_MODULES = YES;
				CLANG_ENABLE_OBJC_ARC = YES;
				CLANG_WARN_BLOCK_CAPTURE_AUTORELEASING = YES;
				CLANG_WARN_BOOL_CONVERSION = YES;
				CLANG_WARN_COMMA = YES;
				CLANG_WARN_CONSTANT_CONVERSION = YES;
				CLANG_WARN_DEPRECATED_OBJC_IMPLEMENTATIONS = YES;
				CLANG_WARN_DIRECT_OBJC_ISA_USAGE = YES_ERROR;
				CLANG_WARN_EMPTY_BODY = YES;
				CLANG_WARN_ENUM_CONVERSION = YES;
				CLANG_WARN_INFINITE_RECURSION = YES;
				CLANG_WARN_INT_CONVERSION = YES;
				CLANG_WARN_NON_LITERAL_NULL_CONVERSION = YES;
				CLANG_WARN_OBJC_IMPLICIT_RETAIN_SELF = YES;
				CLANG_WARN_OBJC_LITERAL_CONVERSION = YES;
				CLANG_WARN_OBJC_ROOT_CLASS = YES_ERROR;
				CLANG_WARN_QUOTED_INCLUDE_IN_FRAMEWORK_HEADER = YES;
				CLANG_WARN_RANGE_LOOP_ANALYSIS = YES;
				CLANG_WARN_STRICT_PROTOTYPES = YES;
				CLANG_WARN_SUSPICIOUS_MOVE = YES;
				CLANG_WARN_UNREACHABLE_CODE = YES;
				CLANG_WARN__DUPLICATE_METHOD_MATCH = YES;
				"CODE_SIGN_IDENTITY[sdk=iphoneos*]" = "iPhone Developer";
				COPY_PHASE_STRIP = NO;
				DEBUG_INFORMATION_FORMAT = "dwarf-with-dsym";
				ENABLE_NS_ASSERTIONS = NO;
				ENABLE_STRICT_OBJC_MSGSEND = YES;
				GCC_C_LANGUAGE_STANDARD = gnu99;
				GCC_NO_COMMON_BLOCKS = YES;
				GCC_WARN_64_TO_32_BIT_CONVERSION = YES;
				GCC_WARN_ABOUT_RETURN_TYPE = YES_ERROR;
				GCC_WARN_UNDECLARED_SELECTOR = YES;
				GCC_WARN_UNINITIALIZED_AUTOS = YES_AGGRESSIVE;
				GCC_WARN_UNUSED_FUNCTION = YES;
				GCC_WARN_UNUSED_VARIABLE = YES;
				IPHONEOS_DEPLOYMENT_TARGET = 12.0;
				MTL_ENABLE_DEBUG_INFO = NO;
				SDKROOT = iphoneos;
				SWIFT_COMPILATION_MODE = wholemodule;
				SWIFT_OPTIMIZATION_LEVEL = "-O";
				VALIDATE_PRODUCT = YES;
			};
			name = Release;
		};
		92AE726C2BF1F94900011A13 /* Debug */ = {
			isa = XCBuildConfiguration;
			baseConfigurationReference = EC763C6B124B39819E20AC11 /* Pods-Wanna Sample.debug.xcconfig */;
			buildSettings = {
				ASSETCATALOG_COMPILER_APPICON_NAME = AppIcon;
				CODE_SIGN_IDENTITY = "Apple Development";
				CODE_SIGN_STYLE = Automatic;
				CURRENT_PROJECT_VERSION = 507;
				DEVELOPMENT_TEAM = "";
				ENABLE_BITCODE = NO;
				INFOPLIST_FILE = "WannaSDK_Example copy-Info.plist";
				IPHONEOS_DEPLOYMENT_TARGET = 12.0;
				LD_RUNPATH_SEARCH_PATHS = (
					"$(inherited)",
					"@executable_path/Frameworks",
				);
				MARKETING_VERSION = 7.0.1;
				MODULE_NAME = ExampleApp;
				PRODUCT_BUNDLE_IDENTIFIER = fashion.wanna.sdk.example;
				PRODUCT_NAME = "$(TARGET_NAME)";
				PROVISIONING_PROFILE_SPECIFIER = "";
				SWIFT_SWIFT3_OBJC_INFERENCE = Default;
				SWIFT_VERSION = 4.0;
			};
			name = Debug;
		};
		92AE726D2BF1F94900011A13 /* Release */ = {
			isa = XCBuildConfiguration;
			baseConfigurationReference = E07819A5148B56F575B52807 /* Pods-Wanna Sample.release.xcconfig */;
			buildSettings = {
				ASSETCATALOG_COMPILER_APPICON_NAME = AppIcon;
				CODE_SIGN_IDENTITY = "Apple Development";
				CODE_SIGN_STYLE = Automatic;
				CURRENT_PROJECT_VERSION = 507;
				DEVELOPMENT_TEAM = "";
				ENABLE_BITCODE = NO;
				INFOPLIST_FILE = "WannaSDK_Example copy-Info.plist";
				IPHONEOS_DEPLOYMENT_TARGET = 12.0;
				LD_RUNPATH_SEARCH_PATHS = (
					"$(inherited)",
					"@executable_path/Frameworks",
				);
				MARKETING_VERSION = 7.0.1;
				MODULE_NAME = ExampleApp;
				PRODUCT_BUNDLE_IDENTIFIER = fashion.wanna.sdk.example;
				PRODUCT_NAME = "$(TARGET_NAME)";
				PROVISIONING_PROFILE_SPECIFIER = "";
				SWIFT_SWIFT3_OBJC_INFERENCE = Default;
				SWIFT_VERSION = 4.0;
			};
			name = Release;
		};
		B0B14CF528801C66003C4842 /* Debug */ = {
			isa = XCBuildConfiguration;
			buildSettings = {
				CLANG_ANALYZER_NONNULL = YES;
				CLANG_ANALYZER_NUMBER_OBJECT_CONVERSION = YES_AGGRESSIVE;
				CLANG_CXX_LANGUAGE_STANDARD = "gnu++17";
				CLANG_ENABLE_OBJC_WEAK = YES;
				CLANG_WARN_DEPRECATED_OBJC_IMPLEMENTATIONS = YES;
				CLANG_WARN_DOCUMENTATION_COMMENTS = YES;
				CLANG_WARN_OBJC_IMPLICIT_RETAIN_SELF = YES;
				CLANG_WARN_QUOTED_INCLUDE_IN_FRAMEWORK_HEADER = YES;
				CLANG_WARN_UNGUARDED_AVAILABILITY = YES_AGGRESSIVE;
				CODE_SIGN_STYLE = Automatic;
				CURRENT_PROJECT_VERSION = 1;
				DEBUG_INFORMATION_FORMAT = dwarf;
				DEVELOPMENT_TEAM = U8JMF34X5Y;
				GCC_C_LANGUAGE_STANDARD = gnu11;
				GENERATE_INFOPLIST_FILE = YES;
				MARKETING_VERSION = 1.0;
				MTL_ENABLE_DEBUG_INFO = INCLUDE_SOURCE;
				MTL_FAST_MATH = YES;
				PRODUCT_BUNDLE_IDENTIFIER = "wanna.WannaSDK-ExampleUITests";
				PRODUCT_NAME = "$(TARGET_NAME)";
				SWIFT_ACTIVE_COMPILATION_CONDITIONS = DEBUG;
				SWIFT_EMIT_LOC_STRINGS = NO;
				SWIFT_VERSION = 5.0;
				TARGETED_DEVICE_FAMILY = "1,2";
				TEST_TARGET_NAME = "WannaSDKExample CocoaPods";
			};
			name = Debug;
		};
		B0B14CF628801C66003C4842 /* Release */ = {
			isa = XCBuildConfiguration;
			buildSettings = {
				CLANG_ANALYZER_NONNULL = YES;
				CLANG_ANALYZER_NUMBER_OBJECT_CONVERSION = YES_AGGRESSIVE;
				CLANG_CXX_LANGUAGE_STANDARD = "gnu++17";
				CLANG_ENABLE_OBJC_WEAK = YES;
				CLANG_WARN_DEPRECATED_OBJC_IMPLEMENTATIONS = YES;
				CLANG_WARN_DOCUMENTATION_COMMENTS = YES;
				CLANG_WARN_OBJC_IMPLICIT_RETAIN_SELF = YES;
				CLANG_WARN_QUOTED_INCLUDE_IN_FRAMEWORK_HEADER = YES;
				CLANG_WARN_UNGUARDED_AVAILABILITY = YES_AGGRESSIVE;
				CODE_SIGN_STYLE = Automatic;
				CURRENT_PROJECT_VERSION = 1;
				DEVELOPMENT_TEAM = U8JMF34X5Y;
				GCC_C_LANGUAGE_STANDARD = gnu11;
				GENERATE_INFOPLIST_FILE = YES;
				MARKETING_VERSION = 1.0;
				MTL_FAST_MATH = YES;
				PRODUCT_BUNDLE_IDENTIFIER = "wanna.WannaSDK-ExampleUITests";
				PRODUCT_NAME = "$(TARGET_NAME)";
				SWIFT_EMIT_LOC_STRINGS = NO;
				SWIFT_VERSION = 5.0;
				TARGETED_DEVICE_FAMILY = "1,2";
				TEST_TARGET_NAME = "WannaSDKExample CocoaPods";
			};
			name = Release;
		};
/* End XCBuildConfiguration section */

/* Begin XCConfigurationList section */
		607FACCB1AFB9204008FA782 /* Build configuration list for PBXProject "Example" */ = {
			isa = XCConfigurationList;
			buildConfigurations = (
				607FACED1AFB9204008FA782 /* Debug */,
				607FACEE1AFB9204008FA782 /* Release */,
			);
			defaultConfigurationIsVisible = 0;
			defaultConfigurationName = Release;
		};
		92AE726B2BF1F94900011A13 /* Build configuration list for PBXNativeTarget "Wanna Sample" */ = {
			isa = XCConfigurationList;
			buildConfigurations = (
				92AE726C2BF1F94900011A13 /* Debug */,
				92AE726D2BF1F94900011A13 /* Release */,
			);
			defaultConfigurationIsVisible = 0;
			defaultConfigurationName = Release;
		};
		B0B14CF728801C66003C4842 /* Build configuration list for PBXNativeTarget "Wanna Sample UITests" */ = {
			isa = XCConfigurationList;
			buildConfigurations = (
				B0B14CF528801C66003C4842 /* Debug */,
				B0B14CF628801C66003C4842 /* Release */,
			);
			defaultConfigurationIsVisible = 0;
			defaultConfigurationName = Release;
		};
/* End XCConfigurationList section */
	};
	rootObject = 607FACC81AFB9204008FA782 /* Project object */;
}
